schema: '2.0'
stages:
  data_ingestion:
    cmd: python src/data_ingestion.py
    deps:
    - path: experiments/spam.csv
      hash: md5
      md5: 008dcf9ca6aab621d3b3831db6815867
      size: 503663
    - path: src/data_ingestion.py
      hash: md5
      md5: f25e7e48b5e9ed471357441c5c055e0e
      size: 3597
    outs:
    - path: data/raw/test.csv
      hash: md5
      md5: 39c4190cf56ca32d179558dae1ce5e02
      size: 85101
    - path: data/raw/train.csv
      hash: md5
      md5: ce89ed74bdc39f6ce316bcee1534bf95
      size: 347608
  transform:
    cmd: python src/transform.py
    deps:
    - path: data/raw/test.csv
      hash: md5
      md5: 39c4190cf56ca32d179558dae1ce5e02
      size: 85101
    - path: data/raw/train.csv
      hash: md5
      md5: ce89ed74bdc39f6ce316bcee1534bf95
      size: 347608
    - path: src/transform.py
      hash: md5
      md5: 2fed676e443894a6447aa5dd7be9ff63
      size: 2726
    params:
      params.yaml:
        data_ingestion.test_size: 0.25
    outs:
    - path: data/transformed/test_transformed.csv
      hash: md5
      md5: 19950ef21744d7a60ffe87fa5dcecb54
      size: 49808
    - path: data/transformed/train_transformed.csv
      hash: md5
      md5: d6ea0ce490b6f471bf9dddbce53d3025
      size: 203714
  feature_engineering:
    cmd: python src/feature_engineering.py
    deps:
    - path: data/transformed/test_transformed.csv
      hash: md5
      md5: 19950ef21744d7a60ffe87fa5dcecb54
      size: 49808
    - path: data/transformed/train_transformed.csv
      hash: md5
      md5: d6ea0ce490b6f471bf9dddbce53d3025
      size: 203714
    - path: src/feature_engineering.py
      hash: md5
      md5: 8a129a5fd0a96635ea7d92ffa08bca1a
      size: 4120
    params:
      params.yaml:
        feature_engineering.max_features: 50
    outs:
    - path: data/feature_engineered/test_feature_engineered.csv
      hash: md5
      md5: 043d280cb65f417ea58237929815df98
      size: 230557
    - path: data/feature_engineered/train_feature_engineered.csv
      hash: md5
      md5: d5635043e457965b1f1ad27dfe737b26
      size: 929409
  model_training:
    cmd: python src/model_training.py
    deps:
    - path: data/feature_engineered/test_feature_engineered.csv
      hash: md5
      md5: 043d280cb65f417ea58237929815df98
      size: 230557
    - path: data/feature_engineered/train_feature_engineered.csv
      hash: md5
      md5: d5635043e457965b1f1ad27dfe737b26
      size: 929409
    - path: src/model_training.py
      hash: md5
      md5: 57de81f8c344a260e39db83fe930ef7f
      size: 3836
    params:
      params.yaml:
        model_building.estimators: 25
        model_building.random_state: 2
    outs:
    - path: models/model.pkl
      hash: md5
      md5: 71326f48d66ffd9cbfc32de4113b05f5
      size: 1006607
  model_evaluation:
    cmd: python src/model_evaluation.py
    deps:
    - path: data/feature_engineered/test_feature_engineered.csv
      hash: md5
      md5: 043d280cb65f417ea58237929815df98
      size: 230557
    - path: models/model.pkl
      hash: md5
      md5: 71326f48d66ffd9cbfc32de4113b05f5
      size: 1006607
    - path: src/model_evaluation.py
      hash: md5
      md5: 2acc3de4c12868a32144be96608060eb
      size: 4379
    outs:
    - path: results/evaluation_results.json
      hash: md5
      md5: 5057c143207ca41193c4e88037ec1cfc
      size: 1084
